
Microsoft Visual Studio Solution File, Format Version 12.00
# Visual Studio 14
VisualStudioVersion = 14.0.24720.0
MinimumVisualStudioVersion = 10.0.40219.1
Project("{2150E333-8FDC-42A3-9474-1A3956D46DE8}") = "Solution Items", "Solution Items", "{34B3EAF9-E747-458A-A5DD-04E96D666A08}"
	ProjectSection(SolutionItems) = preProject
		global.json = global.json
		NuGet.Config = NuGet.Config
	EndProjectSection
EndProject
Project("{2150E333-8FDC-42A3-9474-1A3956D46DE8}") = "InfrastructureProjects", "InfrastructureProjects", "{5F9C0A29-2DDD-4232-A0A1-C7E80D3D3314}"
EndProject
Project("{2150E333-8FDC-42A3-9474-1A3956D46DE8}") = "Merchant", "Merchant", "{3C2CAD84-F7B1-4B7F-808F-741A0D69B5F0}"
EndProject
Project("{2150E333-8FDC-42A3-9474-1A3956D46DE8}") = "Tests", "Tests", "{1E162AFB-1CE1-4F97-8711-087645FAF0A7}"
EndProject
Project("{FAE04EC0-301F-11D3-BF4B-00C04F79EFBC}") = "Merchant", "Merchant\Merchant.csproj", "{471B79A2-EB24-481A-A76D-7303B056E64D}"
EndProject
Project("{FAE04EC0-301F-11D3-BF4B-00C04F79EFBC}") = "Infrastructure", "Infrastructure\Infrastructure.csproj", "{4CD6FD11-2436-415B-98A5-84DE9F8B19BF}"
EndProject
Project("{FAE04EC0-301F-11D3-BF4B-00C04F79EFBC}") = "Infrastructure.Sql", "Infrastructure.Sql\Infrastructure.Sql.csproj", "{281E9FBD-602A-4580-8494-420EE2C46765}"
EndProject
Project("{FAE04EC0-301F-11D3-BF4B-00C04F79EFBC}") = "Infrastructure.InMemory", "Infrastructure.InMemory\Infrastructure.InMemory.csproj", "{38583576-8966-4D74-A64A-38C82FF08EAE}"
EndProject
Project("{FAE04EC0-301F-11D3-BF4B-00C04F79EFBC}") = "Merchant.Test", "Merchant.Test\Merchant.Test.csproj", "{EF6A1A23-CBF1-4147-B327-283430703103}"
EndProject
Project("{FAE04EC0-301F-11D3-BF4B-00C04F79EFBC}") = "Merchant.Api", "Merchant.Api\Merchant.Api.csproj", "{2D60BA10-4953-4EEE-B6E0-2D856F24E0E4}"
EndProject
Project("{FAE04EC0-301F-11D3-BF4B-00C04F79EFBC}") = "Merchant.Api.Test", "Merchant.Api.Test\Merchant.Api.Test.csproj", "{D3ECE32A-2F57-4F14-9AC1-6302AB679AE6}"
EndProject
Global
	GlobalSection(SolutionConfigurationPlatforms) = preSolution
		Debug|Any CPU = Debug|Any CPU
		Release|Any CPU = Release|Any CPU
	EndGlobalSection
	GlobalSection(ProjectConfigurationPlatforms) = postSolution
		{471B79A2-EB24-481A-A76D-7303B056E64D}.Debug|Any CPU.ActiveCfg = Debug|Any CPU
		{471B79A2-EB24-481A-A76D-7303B056E64D}.Debug|Any CPU.Build.0 = Debug|Any CPU
		{471B79A2-EB24-481A-A76D-7303B056E64D}.Release|Any CPU.ActiveCfg = Release|Any CPU
		{471B79A2-EB24-481A-A76D-7303B056E64D}.Release|Any CPU.Build.0 = Release|Any CPU
		{4CD6FD11-2436-415B-98A5-84DE9F8B19BF}.Debug|Any CPU.ActiveCfg = Debug|Any CPU
		{4CD6FD11-2436-415B-98A5-84DE9F8B19BF}.Debug|Any CPU.Build.0 = Debug|Any CPU
		{4CD6FD11-2436-415B-98A5-84DE9F8B19BF}.Release|Any CPU.ActiveCfg = Release|Any CPU
		{4CD6FD11-2436-415B-98A5-84DE9F8B19BF}.Release|Any CPU.Build.0 = Release|Any CPU
		{281E9FBD-602A-4580-8494-420EE2C46765}.Debug|Any CPU.ActiveCfg = Debug|Any CPU
		{281E9FBD-602A-4580-8494-420EE2C46765}.Debug|Any CPU.Build.0 = Debug|Any CPU
		{281E9FBD-602A-4580-8494-420EE2C46765}.Release|Any CPU.ActiveCfg = Release|Any CPU
		{281E9FBD-602A-4580-8494-420EE2C46765}.Release|Any CPU.Build.0 = Release|Any CPU
		{38583576-8966-4D74-A64A-38C82FF08EAE}.Debug|Any CPU.ActiveCfg = Debug|Any CPU
		{38583576-8966-4D74-A64A-38C82FF08EAE}.Debug|Any CPU.Build.0 = Debug|Any CPU
		{38583576-8966-4D74-A64A-38C82FF08EAE}.Release|Any CPU.ActiveCfg = Release|Any CPU
		{38583576-8966-4D74-A64A-38C82FF08EAE}.Release|Any CPU.Build.0 = Release|Any CPU
		{EF6A1A23-CBF1-4147-B327-283430703103}.Debug|Any CPU.ActiveCfg = Debug|Any CPU
		{EF6A1A23-CBF1-4147-B327-283430703103}.Debug|Any CPU.Build.0 = Debug|Any CPU
		{EF6A1A23-CBF1-4147-B327-283430703103}.Release|Any CPU.ActiveCfg = Release|Any CPU
		{EF6A1A23-CBF1-4147-B327-283430703103}.Release|Any CPU.Build.0 = Release|Any CPU
		{2D60BA10-4953-4EEE-B6E0-2D856F24E0E4}.Debug|Any CPU.ActiveCfg = Debug|Any CPU
		{2D60BA10-4953-4EEE-B6E0-2D856F24E0E4}.Debug|Any CPU.Build.0 = Debug|Any CPU
		{2D60BA10-4953-4EEE-B6E0-2D856F24E0E4}.Release|Any CPU.ActiveCfg = Release|Any CPU
		{2D60BA10-4953-4EEE-B6E0-2D856F24E0E4}.Release|Any CPU.Build.0 = Release|Any CPU
		{D3ECE32A-2F57-4F14-9AC1-6302AB679AE6}.Debug|Any CPU.ActiveCfg = Debug|Any CPU
		{D3ECE32A-2F57-4F14-9AC1-6302AB679AE6}.Debug|Any CPU.Build.0 = Debug|Any CPU
		{D3ECE32A-2F57-4F14-9AC1-6302AB679AE6}.Release|Any CPU.ActiveCfg = Release|Any CPU
		{D3ECE32A-2F57-4F14-9AC1-6302AB679AE6}.Release|Any CPU.Build.0 = Release|Any CPU
	EndGlobalSection
	GlobalSection(SolutionProperties) = preSolution
		HideSolutionNode = FALSE
	EndGlobalSection
	GlobalSection(NestedProjects) = preSolution
		{1E162AFB-1CE1-4F97-8711-087645FAF0A7} = {3C2CAD84-F7B1-4B7F-808F-741A0D69B5F0}
		{471B79A2-EB24-481A-A76D-7303B056E64D} = {3C2CAD84-F7B1-4B7F-808F-741A0D69B5F0}
		{4CD6FD11-2436-415B-98A5-84DE9F8B19BF} = {5F9C0A29-2DDD-4232-A0A1-C7E80D3D3314}
		{281E9FBD-602A-4580-8494-420EE2C46765} = {5F9C0A29-2DDD-4232-A0A1-C7E80D3D3314}
		{38583576-8966-4D74-A64A-38C82FF08EAE} = {5F9C0A29-2DDD-4232-A0A1-C7E80D3D3314}
		{EF6A1A23-CBF1-4147-B327-283430703103} = {1E162AFB-1CE1-4F97-8711-087645FAF0A7}
		{2D60BA10-4953-4EEE-B6E0-2D856F24E0E4} = {3C2CAD84-F7B1-4B7F-808F-741A0D69B5F0}
		{D3ECE32A-2F57-4F14-9AC1-6302AB679AE6} = {1E162AFB-1CE1-4F97-8711-087645FAF0A7}
	EndGlobalSection
EndGlobal
